
Microsoft Visual Studio Solution File, Format Version 12.00
# Visual Studio Version 17
VisualStudioVersion = 17.3.32929.385
MinimumVisualStudioVersion = 10.0.40219.1
Project("{FAE04EC0-301F-11D3-BF4B-00C04F79EFBC}") = "lab12.1(graph)", "lab12.1(console)\lab12.1(graph).csproj", "{E3D94F29-805E-415F-81B8-5DD3699766DF}"
EndProject
Global
	GlobalSection(SolutionConfigurationPlatforms) = preSolution
		Debug|Any CPU = Debug|Any CPU
		Release|Any CPU = Release|Any CPU
	EndGlobalSection
	GlobalSection(ProjectConfigurationPlatforms) = postSolution
		{E3D94F29-805E-415F-81B8-5DD3699766DF}.Debug|Any CPU.ActiveCfg = Debug|Any CPU
		{E3D94F29-805E-415F-81B8-5DD3699766DF}.Debug|Any CPU.Build.0 = Debug|Any CPU
		{E3D94F29-805E-415F-81B8-5DD3699766DF}.Release|Any CPU.ActiveCfg = Release|Any CPU
		{E3D94F29-805E-415F-81B8-5DD3699766DF}.Release|Any CPU.Build.0 = Release|Any CPU
	EndGlobalSection
	GlobalSection(SolutionProperties) = preSolution
		HideSolutionNode = FALSE
	EndGlobalSection
	GlobalSection(ExtensibilityGlobals) = postSolution
		SolutionGuid = {21903242-EDD5-42E1-B99A-47F9B7F44C0D}
	EndGlobalSection
EndGlobal
